#MicroXplorer Configuration settings - do not modify
ADC1.Channel-4\#ChannelRegularConversion=ADC_CHANNEL_0
ADC1.ClockPrescaler=ADC_CLOCKPRESCALER_PCLK_DIV4
ADC1.ContinuousConvMode=ENABLE
ADC1.DMAContinuousRequests=DISABLE
ADC1.DataAlign=ADC_DATAALIGN_RIGHT
ADC1.DiscontinuousConvMode=DISABLE
ADC1.EOCSelection=EOC_SINGLE_CONV
ADC1.EnableAnalogWatchDog=false
ADC1.ExternalTrigConv=ADC_EXTERNALTRIGCONV_T1_CC1
ADC1.ExternalTrigConvEdge=ADC_EXTERNALTRIGCONVEDGE_RISING
ADC1.IPParameters=Rank-4\#ChannelRegularConversion,Channel-4\#ChannelRegularConversion,SamplingTime-4\#ChannelRegularConversion,NbrOfConversionFlag,master,NbrOfConversion,ContinuousConvMode,ExternalTrigConvEdge,ClockPrescaler,Resolution,DataAlign,ScanConvMode,DiscontinuousConvMode,DMAContinuousRequests,EOCSelection,ExternalTrigConv,InjNumberOfConversion,EnableAnalogWatchDog
ADC1.InjNumberOfConversion=0
ADC1.NbrOfConversion=1
ADC1.NbrOfConversionFlag=1
ADC1.Rank-4\#ChannelRegularConversion=1
ADC1.Resolution=ADC_RESOLUTION12b
ADC1.SamplingTime-4\#ChannelRegularConversion=ADC_SAMPLETIME_3CYCLES
ADC1.ScanConvMode=DISABLE
ADC1.master=1
ADC2.Channel-191\#ChannelRegularConversion=ADC_CHANNEL_8
ADC2.ClockPrescaler=ADC_CLOCKPRESCALER_PCLK_DIV4
ADC2.ContinuousConvMode=ENABLE
ADC2.DMAContinuousRequests=DISABLE
ADC2.DataAlign=ADC_DATAALIGN_RIGHT
ADC2.DiscontinuousConvMode=DISABLE
ADC2.EOCSelection=EOC_SINGLE_CONV
ADC2.EnableAnalogWatchDog=false
ADC2.ExternalTrigConv=ADC_EXTERNALTRIGCONV_T2_CC2
ADC2.ExternalTrigConvEdge=ADC_EXTERNALTRIGCONVEDGE_RISING
ADC2.IPParameters=Rank-191\#ChannelRegularConversion,Channel-191\#ChannelRegularConversion,SamplingTime-191\#ChannelRegularConversion,NbrOfConversionFlag,ContinuousConvMode,ExternalTrigConvEdge,ExternalTrigConv,ClockPrescaler,Resolution,DataAlign,ScanConvMode,DiscontinuousConvMode,DMAContinuousRequests,EOCSelection,NbrOfConversion,InjNumberOfConversion,EnableAnalogWatchDog
ADC2.InjNumberOfConversion=0
ADC2.NbrOfConversion=1
ADC2.NbrOfConversionFlag=1
ADC2.Rank-191\#ChannelRegularConversion=1
ADC2.Resolution=ADC_RESOLUTION12b
ADC2.SamplingTime-191\#ChannelRegularConversion=ADC_SAMPLETIME_3CYCLES
ADC2.ScanConvMode=DISABLE
ADC3.Channel-166\#ChannelRegularConversion=ADC_CHANNEL_12
ADC3.IPParameters=Rank-166\#ChannelRegularConversion,Channel-166\#ChannelRegularConversion,SamplingTime-166\#ChannelRegularConversion,NbrOfConversionFlag
ADC3.NbrOfConversionFlag=1
ADC3.Rank-166\#ChannelRegularConversion=1
ADC3.SamplingTime-166\#ChannelRegularConversion=ADC_SAMPLETIME_3CYCLES
CAN1.CalculateTimeBit=1142
CAN1.CalculateTimeQuantum=380.95238095238096
CAN1.IPParameters=CalculateTimeQuantum,CalculateTimeBit
Dma.ADC1.1.Channel=DMA_CHANNEL_0
Dma.ADC1.1.Direction=DMA_PERIPH_TO_MEMORY
Dma.ADC1.1.FIFOMode=DMA_FIFOMODE_ENABLE
Dma.ADC1.1.FIFOThreshold=DMA_FIFO_THRESHOLD_FULL
Dma.ADC1.1.Instance=DMA2_Stream0
Dma.ADC1.1.MemBurst=DMA_MBURST_SINGLE
Dma.ADC1.1.MemDataAlignment=DMA_MDATAALIGN_HALFWORD
Dma.ADC1.1.MemInc=DMA_MINC_DISABLE
Dma.ADC1.1.Mode=DMA_CIRCULAR
Dma.ADC1.1.PeriphBurst=DMA_PBURST_SINGLE
Dma.ADC1.1.PeriphDataAlignment=DMA_PDATAALIGN_HALFWORD
Dma.ADC1.1.PeriphInc=DMA_PINC_DISABLE
Dma.ADC1.1.Priority=DMA_PRIORITY_LOW
Dma.ADC1.1.RequestParameters=Instance,Channel,Direction,PeriphInc,MemInc,PeriphDataAlignment,MemDataAlignment,Mode,Priority,FIFOMode,FIFOThreshold,MemBurst,PeriphBurst
Dma.ADC2.0.Channel=DMA_CHANNEL_1
Dma.ADC2.0.Direction=DMA_PERIPH_TO_MEMORY
Dma.ADC2.0.FIFOMode=DMA_FIFOMODE_ENABLE
Dma.ADC2.0.FIFOThreshold=DMA_FIFO_THRESHOLD_FULL
Dma.ADC2.0.Instance=DMA2_Stream2
Dma.ADC2.0.MemBurst=DMA_MBURST_SINGLE
Dma.ADC2.0.MemDataAlignment=DMA_MDATAALIGN_BYTE
Dma.ADC2.0.MemInc=DMA_MINC_DISABLE
Dma.ADC2.0.Mode=DMA_CIRCULAR
Dma.ADC2.0.PeriphBurst=DMA_PBURST_SINGLE
Dma.ADC2.0.PeriphDataAlignment=DMA_PDATAALIGN_BYTE
Dma.ADC2.0.PeriphInc=DMA_PINC_DISABLE
Dma.ADC2.0.Priority=DMA_PRIORITY_LOW
Dma.ADC2.0.RequestParameters=Instance,Channel,Direction,PeriphInc,MemInc,PeriphDataAlignment,MemDataAlignment,Mode,Priority,FIFOMode,FIFOThreshold,MemBurst,PeriphBurst
Dma.Request0=ADC2
Dma.Request1=ADC1
Dma.RequestsNb=2
File.Version=5
KeepUserPlacement=false
Mcu.Family=STM32F4
Mcu.IP0=ADC1
Mcu.IP1=ADC2
Mcu.IP10=TIM2
Mcu.IP11=TIM3
Mcu.IP12=USART3
Mcu.IP13=USB_OTG_FS
Mcu.IP2=ADC3
Mcu.IP3=CAN1
Mcu.IP4=DMA
Mcu.IP5=I2C1
Mcu.IP6=NVIC
Mcu.IP7=RCC
Mcu.IP8=SYS
Mcu.IP9=TIM1
Mcu.IPNb=14
Mcu.Name=STM32F405RGTx
Mcu.Package=LQFP64
Mcu.Pin0=PC13-ANTI_TAMP
Mcu.Pin1=PC14-OSC32_IN
Mcu.Pin10=PA1
Mcu.Pin11=PA2
Mcu.Pin12=PA3
Mcu.Pin13=PA4
Mcu.Pin14=PA5
Mcu.Pin15=PA6
Mcu.Pin16=PA7
Mcu.Pin17=PC4
Mcu.Pin18=PC5
Mcu.Pin19=PB0
Mcu.Pin2=PC15-OSC32_OUT
Mcu.Pin20=PB1
Mcu.Pin21=PB10
Mcu.Pin22=PB11
Mcu.Pin23=PB13
Mcu.Pin24=PB14
Mcu.Pin25=PB15
Mcu.Pin26=PC6
Mcu.Pin27=PC7
Mcu.Pin28=PC8
Mcu.Pin29=PC9
Mcu.Pin3=PH0-OSC_IN
Mcu.Pin30=PA8
Mcu.Pin31=PA9
Mcu.Pin32=PA10
Mcu.Pin33=PA11
Mcu.Pin34=PA12
Mcu.Pin35=PA13
Mcu.Pin36=PA14
Mcu.Pin37=PC10
Mcu.Pin38=PC11
Mcu.Pin39=PD2
Mcu.Pin4=PH1-OSC_OUT
Mcu.Pin40=PB3
Mcu.Pin41=PB4
Mcu.Pin42=PB5
Mcu.Pin43=PB6
Mcu.Pin44=PB7
Mcu.Pin45=PB8
Mcu.Pin46=PB9
Mcu.Pin47=VP_TIM1_VS_ClockSourceINT
Mcu.Pin48=VP_TIM2_VS_ClockSourceINT
Mcu.Pin49=VP_TIM3_VS_ClockSourceINT
Mcu.Pin5=PC0
Mcu.Pin6=PC1
Mcu.Pin7=PC2
Mcu.Pin8=PC3
Mcu.Pin9=PA0-WKUP
Mcu.PinsNb=50
Mcu.UserConstants=
Mcu.UserName=STM32F405RGTx
MxCube.Version=4.10.0
MxDb.Version=DB.4.0.100
NVIC.DMA2_Stream0_IRQn=true\:0\:0\:false
NVIC.DMA2_Stream2_IRQn=true\:0\:0\:false
NVIC.PriorityGroup=NVIC_PRIORITYGROUP_4
NVIC.SysTick_IRQn=true\:0\:0\:false
PA0-WKUP.GPIOParameters=GPIO_PuPd,GPIO_Label,GPIO_Mode
PA0-WKUP.GPIO_Label=ADC1_IN0(V-Sensor M1 Ph3)
PA0-WKUP.GPIO_Mode=GPIO_MODE_ANALOG
PA0-WKUP.GPIO_PuPd=GPIO_NOPULL
PA0-WKUP.Signal=ADCx_IN0
PA1.GPIOParameters=GPIO_PuPd,GPIO_Label,GPIO_Mode
PA1.GPIO_Label=ADC1_IN1(V-Sensor M1 Ph2)
PA1.GPIO_Mode=GPIO_MODE_ANALOG
PA1.GPIO_PuPd=GPIO_NOPULL
PA1.Signal=ADCx_IN1
PA10.GPIOParameters=GPIO_ModeDefaultPP,GPIO_Speed,GPIO_PuPd,GPIO_Label
PA10.GPIO_Label=TIM1_CH3(PWM M1 Ph1 HS)
PA10.GPIO_ModeDefaultPP=GPIO_MODE_AF_PP
PA10.GPIO_PuPd=GPIO_NOPULL
PA10.GPIO_Speed=GPIO_SPEED_LOW
PA10.Signal=S_TIM1_CH3
PA11.Mode=Device_Only
PA11.Signal=USB_OTG_FS_DM
PA12.Mode=Device_Only
PA12.Signal=USB_OTG_FS_DP
PA13.Mode=Serial-Wire
PA13.Signal=SYS_JTMS-SWDIO
PA14.Mode=Serial-Wire
PA14.Signal=SYS_JTCK-SWCLK
PA2.GPIOParameters=GPIO_PuPd,GPIO_Label,GPIO_Mode
PA2.GPIO_Label=ADC1_IN2(V-Sensor M1 Ph1)
PA2.GPIO_Mode=GPIO_MODE_ANALOG
PA2.GPIO_PuPd=GPIO_NOPULL
PA2.Signal=ADCx_IN2
PA3.GPIOParameters=GPIO_Label
PA3.GPIO_Label=ADC1_IN3(V-Sensor M1 Y)
PA3.Signal=ADCx_IN3
PA4.GPIOParameters=GPIO_Label
PA4.GPIO_Label=ADC1_IN4(C-Sensor M1 Ph3)
PA4.Signal=ADCx_IN4
PA5.GPIOParameters=GPIO_Label
PA5.GPIO_Label=ADC1_IN5(C-Sensor M1 Ph2)
PA5.Signal=ADCx_IN5
PA6.GPIOParameters=GPIO_Label
PA6.GPIO_Label=ADC1_IN6(C-Sensor M1 Ph1)
PA6.Signal=ADCx_IN6
PA7.GPIOParameters=GPIO_Label
PA7.GPIO_Label=ADC2_IN7(V-Sensor M2 Ph3)
PA7.Signal=ADCx_IN7
PA8.GPIOParameters=GPIO_ModeDefaultPP,GPIO_Speed,GPIO_PuPd,GPIO_Label
PA8.GPIO_Label=TIM1_CH1(PWM M1 Ph3 HS)
PA8.GPIO_ModeDefaultPP=GPIO_MODE_AF_PP
PA8.GPIO_PuPd=GPIO_NOPULL
PA8.GPIO_Speed=GPIO_SPEED_LOW
PA8.Signal=S_TIM1_CH1
PA9.GPIOParameters=GPIO_ModeDefaultPP,GPIO_Speed,GPIO_PuPd,GPIO_Label
PA9.GPIO_Label=TIM1_CH2(PWM M1 Ph2 HS)
PA9.GPIO_ModeDefaultPP=GPIO_MODE_AF_PP
PA9.GPIO_PuPd=GPIO_NOPULL
PA9.GPIO_Speed=GPIO_SPEED_LOW
PA9.Signal=S_TIM1_CH2
PB0.GPIOParameters=GPIO_Label
PB0.GPIO_Label=ADC2_IN8(V-Sensor M2 Ph2)
PB0.Signal=ADCx_IN8
PB1.GPIOParameters=GPIO_Label
PB1.GPIO_Label=ADC2_IN9(V-Sensor M2 Ph1)
PB1.Signal=ADCx_IN9
PB10.GPIOParameters=GPIO_ModeDefaultPP,GPIO_Speed,GPIO_PuPd,GPIO_Label
PB10.GPIO_Label=TIM2_CH3(PWM M2 Ph2)
PB10.GPIO_ModeDefaultPP=GPIO_MODE_AF_PP
PB10.GPIO_PuPd=GPIO_NOPULL
PB10.GPIO_Speed=GPIO_SPEED_LOW
PB10.Signal=S_TIM2_CH3
PB11.GPIOParameters=GPIO_ModeDefaultPP,GPIO_Speed,GPIO_PuPd,GPIO_Label
PB11.GPIO_Label=TIM2_CH4(PWM M2 Ph1)
PB11.GPIO_ModeDefaultPP=GPIO_MODE_AF_PP
PB11.GPIO_PuPd=GPIO_NOPULL
PB11.GPIO_Speed=GPIO_SPEED_LOW
PB11.Signal=S_TIM2_CH4
PB13.GPIOParameters=GPIO_ModeDefaultPP,GPIO_Speed,GPIO_PuPd,GPIO_Label
PB13.GPIO_Label=TIM1_CH1N(PWM M1 Ph3 LS)
PB13.GPIO_ModeDefaultPP=GPIO_MODE_AF_PP
PB13.GPIO_PuPd=GPIO_NOPULL
PB13.GPIO_Speed=GPIO_SPEED_LOW
PB13.Mode=Output Compare1 CH1 CH1N
PB13.Signal=TIM1_CH1N
PB14.GPIOParameters=GPIO_ModeDefaultPP,GPIO_Speed,GPIO_PuPd,GPIO_Label
PB14.GPIO_Label=TIM1_CH2N(PWM M1 Ph2 LS)
PB14.GPIO_ModeDefaultPP=GPIO_MODE_AF_PP
PB14.GPIO_PuPd=GPIO_NOPULL
PB14.GPIO_Speed=GPIO_SPEED_LOW
PB14.Mode=Output Compare2 CH2 CH2N
PB14.Signal=TIM1_CH2N
PB15.GPIOParameters=GPIO_ModeDefaultPP,GPIO_Speed,GPIO_PuPd,GPIO_Label
PB15.GPIO_Label=TIM1_CH3N(PWM M1 Ph1 LS)
PB15.GPIO_ModeDefaultPP=GPIO_MODE_AF_PP
PB15.GPIO_PuPd=GPIO_NOPULL
PB15.GPIO_Speed=GPIO_SPEED_LOW
PB15.Mode=Output Compare3 CH3 CH3N
PB15.Signal=TIM1_CH3N
PB3.GPIOParameters=GPIO_ModeDefaultPP,GPIO_Speed,GPIO_PuPd,GPIO_Label
PB3.GPIO_Label=TIM2_CH2(PWM M2 Ph3)
PB3.GPIO_ModeDefaultPP=GPIO_MODE_AF_PP
PB3.GPIO_PuPd=GPIO_NOPULL
PB3.GPIO_Speed=GPIO_SPEED_LOW
PB3.Signal=S_TIM2_CH2
PB4.GPIOParameters=GPIO_Label
PB4.GPIO_Label=Enable M2 Ph2
PB4.Locked=true
PB4.Signal=GPIO_Output
PB5.GPIOParameters=GPIO_Label
PB5.GPIO_Label=Enable M2 Ph3
PB5.Locked=true
PB5.Signal=GPIO_Output
PB6.Mode=I2C
PB6.Signal=I2C1_SCL
PB7.Mode=I2C
PB7.Signal=I2C1_SDA
PB8.Mode=Master
PB8.Signal=CAN1_RX
PB9.Mode=Master
PB9.Signal=CAN1_TX
PC0.GPIOParameters=GPIO_Label
PC0.GPIO_Label=ADC2_IN10(V-Sensor M2 Y)
PC0.Signal=ADCx_IN10
PC1.GPIOParameters=GPIO_Label
PC1.GPIO_Label=ADC2_IN11(C-Sensor M2 Ph3)
PC1.Signal=ADCx_IN11
PC10.Mode=Asynchronous
PC10.Signal=USART3_TX
PC11.Mode=Asynchronous
PC11.Signal=USART3_RX
PC13-ANTI_TAMP.GPIOParameters=GPIO_Speed,GPIO_PuPd,GPIO_Label,GPIO_ModeDefaultOutputPP
PC13-ANTI_TAMP.GPIO_Label=LED1
PC13-ANTI_TAMP.GPIO_ModeDefaultOutputPP=GPIO_MODE_OUTPUT_PP
PC13-ANTI_TAMP.GPIO_PuPd=GPIO_NOPULL
PC13-ANTI_TAMP.GPIO_Speed=GPIO_SPEED_LOW
PC13-ANTI_TAMP.Locked=true
PC13-ANTI_TAMP.Signal=GPIO_Output
PC14-OSC32_IN.GPIOParameters=GPIO_Speed,GPIO_PuPd,GPIO_Label,GPIO_ModeDefaultOutputPP
PC14-OSC32_IN.GPIO_Label=LED2
PC14-OSC32_IN.GPIO_ModeDefaultOutputPP=GPIO_MODE_OUTPUT_PP
PC14-OSC32_IN.GPIO_PuPd=GPIO_NOPULL
PC14-OSC32_IN.GPIO_Speed=GPIO_SPEED_LOW
PC14-OSC32_IN.Locked=true
PC14-OSC32_IN.Signal=GPIO_Output
PC15-OSC32_OUT.GPIOParameters=GPIO_Speed,GPIO_PuPd,GPIO_Label,GPIO_ModeDefaultOutputPP
PC15-OSC32_OUT.GPIO_Label=LED3
PC15-OSC32_OUT.GPIO_ModeDefaultOutputPP=GPIO_MODE_OUTPUT_PP
PC15-OSC32_OUT.GPIO_PuPd=GPIO_NOPULL
PC15-OSC32_OUT.GPIO_Speed=GPIO_SPEED_LOW
PC15-OSC32_OUT.Locked=true
PC15-OSC32_OUT.Signal=GPIO_Output
PC2.GPIOParameters=GPIO_Label
PC2.GPIO_Label=ADC3_IN12(Temp M1)
PC2.Signal=ADCx_IN12
PC3.GPIOParameters=GPIO_Label
PC3.GPIO_Label=ADC3_IN13(Temp M2)
PC3.Signal=ADCx_IN13
PC4.GPIOParameters=GPIO_Label
PC4.GPIO_Label=ADC2_IN14(C-Sensor M2 Ph2)
PC4.Signal=ADCx_IN14
PC5.GPIOParameters=GPIO_Label
PC5.GPIO_Label=ADC2_IN15(C-Sensor M2 Ph1)
PC5.Signal=ADCx_IN15
PC6.Signal=S_TIM3_CH1
PC7.Signal=S_TIM3_CH2
PC8.Signal=S_TIM3_CH3
PC9.GPIOParameters=GPIO_ModeDefaultPP,GPIO_Speed,GPIO_PuPd,GPIO_Label
PC9.GPIO_Label=TIM3_CH4(PWM Input)
PC9.GPIO_ModeDefaultPP=GPIO_MODE_AF_PP
PC9.GPIO_PuPd=GPIO_NOPULL
PC9.GPIO_Speed=GPIO_SPEED_LOW
PC9.Signal=S_TIM3_CH4
PCC.Checker=false
PCC.Line=STM32F405/415
PCC.MCU=STM32F405RGTx
PCC.MXVersion=4.10.0
PCC.PartNumber=STM32F405RGTx
PCC.Seq0=0
PCC.Series=STM32F4
PCC.Temperature=25
PCC.Vdd=3.3
PD2.GPIOParameters=GPIO_Label
PD2.GPIO_Label=Enable M2 Ph1
PD2.Locked=true
PD2.Signal=GPIO_Output
PH0-OSC_IN.Mode=HSE-External-Oscillator
PH0-OSC_IN.Signal=RCC_OSC_IN
PH1-OSC_OUT.Mode=HSE-External-Oscillator
PH1-OSC_OUT.Signal=RCC_OSC_OUT
RCC.48MHZClocksFreq_Value=48000000
RCC.AHBFreq_Value=168000000
RCC.APB1CLKDivider=RCC_HCLK_DIV4
RCC.APB1Freq_Value=42000000
RCC.APB1TimCLKDivider=1
RCC.APB1TimFreq_Value=42000000
RCC.APB2CLKDivider=RCC_HCLK_DIV2
RCC.APB2Freq_Value=84000000
RCC.APB2TimCLKDivider=1
RCC.APB2TimFreq_Value=84000000
RCC.CortexFreq_Value=168000000
RCC.EthernetFreq_Value=168000000
RCC.FCLKCortexFreq_Value=168000000
RCC.FamilyName=M
RCC.HCLKFreq_Value=168000000
RCC.HSE_VALUE=8000000
RCC.HSI_VALUE=16000000
RCC.I2SClocksFreq_Value=153600000
RCC.IPParameters=FamilyName,HSE_VALUE,RTCHSEDivFreq_Value,HSI_VALUE,SYSCLKFreq_VALUE,AHBFreq_Value,CortexFreq_Value,APB1Freq_Value,APB2Freq_Value,VCOInputFreq_Value,VCOOutputFreq_Value,PLLCLKFreq_Value,PLLQCLKFreq_Value,VCOI2SOutputFreq_Value,VcooutputI2S,I2SClocksFreq_Value,LSI_VALUE,RTCFreq_Value,LSE_VALUE,48MHZClocksFreq_Value,HCLKFreq_Value,FCLKCortexFreq_Value,APB1TimFreq_Value,APB2TimFreq_Value,EthernetFreq_Value,MCO2PinFreq_Value,SYSCLKSource,PLLM,PLLN,PLLQ,APB1CLKDivider,APB1TimCLKDivider,APB2CLKDivider,APB2TimCLKDivider
RCC.LSE_VALUE=32768
RCC.LSI_VALUE=32000
RCC.MCO2PinFreq_Value=168000000
RCC.PLLCLKFreq_Value=168000000
RCC.PLLM=5
RCC.PLLN=210
RCC.PLLQ=7
RCC.PLLQCLKFreq_Value=48000000
RCC.RTCFreq_Value=32000
RCC.RTCHSEDivFreq_Value=4000000
RCC.SYSCLKFreq_VALUE=168000000
RCC.SYSCLKSource=RCC_SYSCLKSOURCE_PLLCLK
RCC.VCOI2SOutputFreq_Value=307200000
RCC.VCOInputFreq_Value=1600000
RCC.VCOOutputFreq_Value=336000000
RCC.VcooutputI2S=153600000
SH.ADCx_IN0.0=ADC1_IN0,IN0
SH.ADCx_IN0.ConfNb=1
SH.ADCx_IN1.0=ADC1_IN1,IN1
SH.ADCx_IN1.ConfNb=1
SH.ADCx_IN10.0=ADC2_IN10,IN10
SH.ADCx_IN10.ConfNb=1
SH.ADCx_IN11.0=ADC2_IN11,IN11
SH.ADCx_IN11.ConfNb=1
SH.ADCx_IN12.0=ADC3_IN12,IN12
SH.ADCx_IN12.ConfNb=1
SH.ADCx_IN13.0=ADC3_IN13,IN13
SH.ADCx_IN13.ConfNb=1
SH.ADCx_IN14.0=ADC2_IN14,IN14
SH.ADCx_IN14.ConfNb=1
SH.ADCx_IN15.0=ADC2_IN15,IN15
SH.ADCx_IN15.ConfNb=1
SH.ADCx_IN2.0=ADC1_IN2,IN2
SH.ADCx_IN2.ConfNb=1
SH.ADCx_IN3.0=ADC1_IN3,IN3
SH.ADCx_IN3.ConfNb=1
SH.ADCx_IN4.0=ADC1_IN4,IN4
SH.ADCx_IN4.ConfNb=1
SH.ADCx_IN5.0=ADC1_IN5,IN5
SH.ADCx_IN5.ConfNb=1
SH.ADCx_IN6.0=ADC1_IN6,IN6
SH.ADCx_IN6.ConfNb=1
SH.ADCx_IN7.0=ADC2_IN7,IN7
SH.ADCx_IN7.ConfNb=1
SH.ADCx_IN8.0=ADC2_IN8,IN8
SH.ADCx_IN8.ConfNb=1
SH.ADCx_IN9.0=ADC2_IN9,IN9
SH.ADCx_IN9.ConfNb=1
SH.S_TIM1_CH1.0=TIM1_CH1,Output Compare1 CH1 CH1N
SH.S_TIM1_CH1.ConfNb=1
SH.S_TIM1_CH2.0=TIM1_CH2,Output Compare2 CH2 CH2N
SH.S_TIM1_CH2.ConfNb=1
SH.S_TIM1_CH3.0=TIM1_CH3,Output Compare3 CH3 CH3N
SH.S_TIM1_CH3.ConfNb=1
SH.S_TIM2_CH2.0=TIM2_CH2,Output Compare2 CH2
SH.S_TIM2_CH2.ConfNb=1
SH.S_TIM2_CH3.0=TIM2_CH3,Output Compare3 CH3
SH.S_TIM2_CH3.ConfNb=1
SH.S_TIM2_CH4.0=TIM2_CH4,Output Compare4 CH4
SH.S_TIM2_CH4.ConfNb=1
SH.S_TIM3_CH1.0=TIM3_CH1,Output Compare1 CH1
SH.S_TIM3_CH1.ConfNb=1
SH.S_TIM3_CH2.0=TIM3_CH2,Output Compare2 CH2
SH.S_TIM3_CH2.ConfNb=1
SH.S_TIM3_CH3.0=TIM3_CH3,Output Compare3 CH3
SH.S_TIM3_CH3.ConfNb=1
SH.S_TIM3_CH4.0=TIM3_CH4,Input_Capture4_from_TI4
SH.S_TIM3_CH4.ConfNb=1
TIM1.Channel-Output\ Compare2\ CH2\ CH2N=TIM_CHANNEL_2
TIM1.Channel-Output\ Compare3\ CH3\ CH3N=TIM_CHANNEL_3
TIM1.IPParameters=Channel-Output Compare2 CH2 CH2N,Channel-Output Compare3 CH3 CH3N,TIM_MasterSlaveMode,TIM_MasterOutputTrigger
TIM1.TIM_MasterOutputTrigger=TIM_TRGO_RESET
TIM1.TIM_MasterSlaveMode=TIM_MASTERSLAVEMODE_DISABLE
TIM2.Channel-Output\ Compare2\ CH2=TIM_CHANNEL_2
TIM2.Channel-Output\ Compare3\ CH3=TIM_CHANNEL_3
TIM2.Channel-Output\ Compare4\ CH4=TIM_CHANNEL_4
TIM2.IPParameters=Channel-Output Compare2 CH2,Channel-Output Compare3 CH3,Channel-Output Compare4 CH4
TIM3.Channel-Input_Capture4_from_TI4=TIM_CHANNEL_4
TIM3.Channel-Output\ Compare2\ CH2=TIM_CHANNEL_2
TIM3.Channel-Output\ Compare3\ CH3=TIM_CHANNEL_3
TIM3.IPParameters=Channel-Output Compare2 CH2,Channel-Output Compare3 CH3,Channel-Input_Capture4_from_TI4,TIM_MasterSlaveMode
TIM3.TIM_MasterSlaveMode=TIM_MASTERSLAVEMODE_DISABLE
USB_OTG_FS.IPParameters=VirtualMode
USB_OTG_FS.VirtualMode=Device_Only
VP_TIM1_VS_ClockSourceINT.Mode=Internal
VP_TIM1_VS_ClockSourceINT.Signal=TIM1_VS_ClockSourceINT
VP_TIM2_VS_ClockSourceINT.Mode=Internal
VP_TIM2_VS_ClockSourceINT.Signal=TIM2_VS_ClockSourceINT
VP_TIM3_VS_ClockSourceINT.Mode=Internal
VP_TIM3_VS_ClockSourceINT.Signal=TIM3_VS_ClockSourceINT
