#MicroXplorer Configuration settings - do not modify
ADC1.AutoInjectedConv=DISABLE
ADC1.Channel-0\#ChannelRegularConversion=ADC_CHANNEL_0
ADC1.IPParameters=Rank-0\#ChannelRegularConversion,Channel-0\#ChannelRegularConversion,SamplingTime-0\#ChannelRegularConversion,NbrOfConversionFlag,master,AutoInjectedConv,InjectedDiscontinuousConvMode
ADC1.InjectedDiscontinuousConvMode=DISABLE
ADC1.NbrOfConversionFlag=1
ADC1.Rank-0\#ChannelRegularConversion=1
ADC1.SamplingTime-0\#ChannelRegularConversion=ADC_SAMPLETIME_3CYCLES
ADC1.master=1
ADC2.AutoInjectedConv=DISABLE
ADC2.Channel-0\#ChannelRegularConversion=ADC_CHANNEL_4
ADC2.IPParameters=Rank-0\#ChannelRegularConversion,Channel-0\#ChannelRegularConversion,SamplingTime-0\#ChannelRegularConversion,NbrOfConversionFlag,AutoInjectedConv,InjectedDiscontinuousConvMode
ADC2.InjectedDiscontinuousConvMode=DISABLE
ADC2.NbrOfConversionFlag=1
ADC2.Rank-0\#ChannelRegularConversion=1
ADC2.SamplingTime-0\#ChannelRegularConversion=ADC_SAMPLETIME_3CYCLES
CAN1.BS1=CAN_BS1_1TQ
CAN1.BS2=CAN_BS2_1TQ
CAN1.CalculateTimeBit=888
CAN1.CalculateTimeQuantum=296.2962962962963
CAN1.IPParameters=CalculateTimeQuantum,CalculateTimeBit,BS1,BS2
File.Version=6
KeepUserPlacement=false
Mcu.Family=STM32F7
Mcu.IP0=ADC1
Mcu.IP1=ADC2
Mcu.IP2=CAN1
Mcu.IP3=CORTEX_M7
Mcu.IP4=NVIC
Mcu.IP5=RCC
Mcu.IP6=SYS
Mcu.IP7=TIM1
Mcu.IP8=TIM2
Mcu.IP9=USB_OTG_FS
Mcu.IPNb=10
Mcu.Name=STM32F722R(C-E)Tx
Mcu.Package=LQFP64
Mcu.Pin0=PH0-OSC_IN
Mcu.Pin1=PH1-OSC_OUT
Mcu.Pin10=PA4
Mcu.Pin11=PA5
Mcu.Pin12=PA6
Mcu.Pin13=PA7
Mcu.Pin14=PC4
Mcu.Pin15=PB0
Mcu.Pin16=PB1
Mcu.Pin17=PB2
Mcu.Pin18=PB10
Mcu.Pin19=PB11
Mcu.Pin2=PC0
Mcu.Pin20=PB13
Mcu.Pin21=PB14
Mcu.Pin22=PB15
Mcu.Pin23=PA8
Mcu.Pin24=PA9
Mcu.Pin25=PA10
Mcu.Pin26=PA11
Mcu.Pin27=PA12
Mcu.Pin28=PA13
Mcu.Pin29=PA14
Mcu.Pin3=PC1
Mcu.Pin30=PB3
Mcu.Pin31=PB8
Mcu.Pin32=PB9
Mcu.Pin33=VP_TIM1_VS_ClockSourceINT
Mcu.Pin34=VP_TIM2_VS_ClockSourceINT
Mcu.Pin4=PC2
Mcu.Pin5=PC3
Mcu.Pin6=PA0-WKUP
Mcu.Pin7=PA1
Mcu.Pin8=PA2
Mcu.Pin9=PA3
Mcu.PinsNb=35
Mcu.UserConstants=
Mcu.UserName=STM32F722RETx
MxCube.Version=4.20.0
MxDb.Version=DB.4.0.200
NVIC.BusFault_IRQn=true\:0\:0\:false\:false\:true
NVIC.DebugMonitor_IRQn=true\:0\:0\:false\:false\:true
NVIC.HardFault_IRQn=true\:0\:0\:false\:false\:true
NVIC.MemoryManagement_IRQn=true\:0\:0\:false\:false\:true
NVIC.NonMaskableInt_IRQn=true\:0\:0\:false\:false\:true
NVIC.PendSV_IRQn=true\:0\:0\:false\:false\:true
NVIC.PriorityGroup=NVIC_PRIORITYGROUP_4
NVIC.SVCall_IRQn=true\:0\:0\:false\:false\:true
NVIC.SysTick_IRQn=true\:0\:0\:false\:false\:true
NVIC.UsageFault_IRQn=true\:0\:0\:false\:false\:true
PA0-WKUP.Signal=ADCx_IN0
PA1.Signal=S_TIM2_CH2
PA10.Signal=S_TIM1_CH3
PA11.Mode=Device_Only
PA11.Signal=USB_OTG_FS_DM
PA12.Mode=Device_Only
PA12.Signal=USB_OTG_FS_DP
PA13.Mode=Trace_Asynchronous_SW
PA13.Signal=SYS_JTMS-SWDIO
PA14.Mode=Trace_Asynchronous_SW
PA14.Signal=SYS_JTCK-SWCLK
PA2.Signal=ADCx_IN2
PA3.Signal=ADCx_IN3
PA4.Signal=ADCx_IN4
PA5.Signal=ADCx_IN5
PA6.Signal=ADCx_IN6
PA7.Signal=ADCx_IN7
PA8.Signal=S_TIM1_CH1
PA9.Signal=S_TIM1_CH2
PB0.Signal=ADCx_IN8
PB1.Signal=ADCx_IN9
PB10.Signal=S_TIM2_CH3
PB11.Locked=true
PB11.Signal=S_TIM2_CH4
PB13.Locked=true
PB13.Mode=Output Compare1 CH1 CH1N
PB13.Signal=TIM1_CH1N
PB14.Locked=true
PB14.Mode=Output Compare2 CH2 CH2N
PB14.Signal=TIM1_CH2N
PB15.Locked=true
PB15.Mode=Output Compare3 CH3 CH3N
PB15.Signal=TIM1_CH3N
PB2.GPIOParameters=GPIO_Label
PB2.GPIO_Label=THWn
PB2.Locked=true
PB2.Signal=GPIO_Input
PB3.Mode=Trace_Asynchronous_SW
PB3.Signal=SYS_JTDO-SWO
PB8.Mode=Master
PB8.Signal=CAN1_RX
PB9.Mode=Master
PB9.Signal=CAN1_TX
PC0.Signal=ADCx_IN10
PC1.Signal=ADCx_IN11
PC2.Signal=ADCx_IN12
PC3.Signal=ADCx_IN13
PC4.Signal=ADCx_IN14
PCC.Checker=false
PCC.Line=STM32F7x2
PCC.MCU=STM32F722R(C-E)Tx
PCC.MXVersion=4.20.0
PCC.PartNumber=STM32F722RETx
PCC.Seq0=0
PCC.Series=STM32F7
PCC.Temperature=25
PCC.Vdd=3.3
PH0-OSC_IN.Mode=HSE-External-Oscillator
PH0-OSC_IN.Signal=RCC_OSC_IN
PH1-OSC_OUT.Mode=HSE-External-Oscillator
PH1-OSC_OUT.Signal=RCC_OSC_OUT
RCC.AHBCLKDivider=RCC_SYSCLK_DIV1
RCC.AHBFreq_Value=216000000
RCC.APB1CLKDivider=RCC_HCLK_DIV4
RCC.APB1Freq_Value=54000000
RCC.APB1TimFreq_Value=108000000
RCC.APB2CLKDivider=RCC_HCLK_DIV2
RCC.APB2Freq_Value=108000000
RCC.APB2TimFreq_Value=216000000
RCC.ClockTypeHCLK=RCC_CLOCKTYPE_HCLK
RCC.ClockTypePCLK1=RCC_CLOCKTYPE_PCLK1
RCC.ClockTypePCLK2=RCC_CLOCKTYPE_PCLK2
RCC.ClockTypeSysClk=RCC_CLOCKTYPE_SYSCLK
RCC.CortexFreq_Value=216000000
RCC.Cortex_Div=SYSTICK_CLKSOURCE_HCLK
RCC.EnableHSE=true
RCC.EnableHSERTCDevisor=false
RCC.EnableLSE=false
RCC.EnableLSERTC=false
RCC.EnbaleCSS=false
RCC.ExtClockEnable=false
RCC.FCLKCortexFreq_Value=216000000
RCC.FamilyName=M
RCC.HCLKFreq_Value=216000000
RCC.HSEState=RCC_HSE_ON
RCC.HSE_VALUE=8000000
RCC.HSIState=RCC_HSI_ON
RCC.HSI_VALUE=16000000
RCC.I2C1Enable=false
RCC.I2C1Freq_Value=54000000
RCC.I2C2Enable=false
RCC.I2C2Freq_Value=54000000
RCC.I2C3Enable=false
RCC.I2C3Freq_Value=54000000
RCC.I2SEnable=false
RCC.I2SFreq_Value=192000000
RCC.IPParameters=AHBCLKDivider,AHBFreq_Value,APB1CLKDivider,APB1Freq_Value,APB1TimFreq_Value,APB2CLKDivider,APB2Freq_Value,APB2TimFreq_Value,ClockTypeHCLK,ClockTypePCLK1,ClockTypePCLK2,ClockTypeSysClk,CortexFreq_Value,Cortex_Div,EnableHSE,EnableHSERTCDevisor,EnableLSE,EnableLSERTC,EnbaleCSS,ExtClockEnable,FCLKCortexFreq_Value,FamilyName,HCLKFreq_Value,HSEState,HSE_VALUE,HSIState,HSI_VALUE,I2C1Enable,I2C1Freq_Value,I2C2Enable,I2C2Freq_Value,I2C3Enable,I2C3Freq_Value,I2SEnable,I2SFreq_Value,LPTIM1Enable,LSE_VALUE,LSIState,LSI_VALUE,MCO1OutPutEnable,MCO2I2SEnable,MCO2OutPutEnable,MCO2PinFreq_Value,OscillatorTypeHSE,OscillatorTypeHSI,OscillatorTypeLSI,PLLCLKFreq_Value,PLLI2SQCLKFreq_Value,PLLI2SRCLKFreq_Value,PLLI2SRoutputFreq_Value,PLLM,PLLN,PLLP,PLLQ,PLLQCLKFreq_Value,PLLQoutputFreq_Value,PLLSAIP,PLLSAIPCLKFreq_Value,PLLSAIQCLKFreq_Value,PLLSAIoutputFreq_Value,PLLSourceVirtual,PLLState,RCC_MCODiv1,RCC_MCODiv2,RCC_PERIPHCLK_USBVar,RCC_RTC_Clock_Source_FROM_HSE,RNGFreq_Value,RTCEnable,SAI1Enable,SAI1Freq_Value,SAI2Enable,SAI2Freq_Value,SDMMCEnable,SDMMCFreq_Value,SYSCLKFreq_VALUE,SYSCLKSource,UART4Enable,UART4Freq_Value,UART5Enable,UART5Freq_Value,UART7Enable,UART8Enable,USART1Enable,USART1Freq_Value,USART2Enable,USART2Freq_Value,USART3Enable,USART3Freq_Value,USART6Enable,USART6Freq_Value,USBEnable,USBFreq_Value,VCOI2SOutputFreq_Value,VCOInputFreq_Value,VCOOutputFreq_Value,VCOSAIOutputFreq_Value
RCC.LPTIM1Enable=false
RCC.LSE_VALUE=32768
RCC.LSIState=RCC_LSI_OFF
RCC.LSI_VALUE=32000
RCC.MCO1OutPutEnable=false
RCC.MCO2I2SEnable=false
RCC.MCO2OutPutEnable=false
RCC.MCO2PinFreq_Value=216000000
RCC.OscillatorTypeHSE=RCC_OSCILLATORTYPE_HSE
RCC.OscillatorTypeHSI=RCC_OSCILLATORTYPE_HSI
RCC.OscillatorTypeLSI=
RCC.PLLCLKFreq_Value=216000000
RCC.PLLI2SQCLKFreq_Value=192000000
RCC.PLLI2SRCLKFreq_Value=192000000
RCC.PLLI2SRoutputFreq_Value=192000000
RCC.PLLM=4
RCC.PLLN=216
RCC.PLLP=RCC_PLLP_DIV2
RCC.PLLQ=9
RCC.PLLQCLKFreq_Value=48000000
RCC.PLLQoutputFreq_Value=48000000
RCC.PLLSAIP=RCC_PLLSAIP_DIV2
RCC.PLLSAIPCLKFreq_Value=192000000
RCC.PLLSAIQCLKFreq_Value=192000000
RCC.PLLSAIoutputFreq_Value=192000000
RCC.PLLSourceVirtual=RCC_PLLSOURCE_HSE
RCC.PLLState=RCC_PLL_ON
RCC.RCC_MCODiv1=RCC_MCODIV_1
RCC.RCC_MCODiv2=RCC_MCODIV_1
RCC.RCC_PERIPHCLK_USBVar=RCC_PERIPHCLK_CLK48
RCC.RCC_RTC_Clock_Source_FROM_HSE=RCC_RTCCLKSOURCE_HSE_DIV2
RCC.RNGFreq_Value=48000000
RCC.RTCEnable=false
RCC.SAI1Enable=false
RCC.SAI1Freq_Value=192000000
RCC.SAI2Enable=false
RCC.SAI2Freq_Value=192000000
RCC.SDMMCEnable=false
RCC.SDMMCFreq_Value=216000000
RCC.SYSCLKFreq_VALUE=216000000
RCC.SYSCLKSource=RCC_SYSCLKSOURCE_PLLCLK
RCC.UART4Enable=false
RCC.UART4Freq_Value=54000000
RCC.UART5Enable=false
RCC.UART5Freq_Value=54000000
RCC.UART7Enable=false
RCC.UART8Enable=false
RCC.USART1Enable=false
RCC.USART1Freq_Value=108000000
RCC.USART2Enable=false
RCC.USART2Freq_Value=54000000
RCC.USART3Enable=false
RCC.USART3Freq_Value=54000000
RCC.USART6Enable=false
RCC.USART6Freq_Value=108000000
RCC.USBEnable=true
RCC.USBFreq_Value=48000000
RCC.VCOI2SOutputFreq_Value=384000000
RCC.VCOInputFreq_Value=2000000
RCC.VCOOutputFreq_Value=432000000
RCC.VCOSAIOutputFreq_Value=384000000
SH.ADCx_IN0.0=ADC1_IN0,IN0
SH.ADCx_IN0.ConfNb=1
SH.ADCx_IN10.0=ADC2_IN10,IN10
SH.ADCx_IN10.ConfNb=1
SH.ADCx_IN11.0=ADC1_IN11,IN11
SH.ADCx_IN11.ConfNb=1
SH.ADCx_IN12.0=ADC1_IN12,IN12
SH.ADCx_IN12.ConfNb=1
SH.ADCx_IN13.0=ADC1_IN13,IN13
SH.ADCx_IN13.ConfNb=1
SH.ADCx_IN14.0=ADC2_IN14,IN14
SH.ADCx_IN14.ConfNb=1
SH.ADCx_IN2.0=ADC1_IN2,IN2
SH.ADCx_IN2.ConfNb=1
SH.ADCx_IN3.0=ADC2_IN3,IN3
SH.ADCx_IN3.ConfNb=1
SH.ADCx_IN4.0=ADC2_IN4,IN4
SH.ADCx_IN4.ConfNb=1
SH.ADCx_IN5.0=ADC2_IN5,IN5
SH.ADCx_IN5.ConfNb=1
SH.ADCx_IN6.0=ADC2_IN6,IN6
SH.ADCx_IN6.ConfNb=1
SH.ADCx_IN7.0=ADC2_IN7,IN7
SH.ADCx_IN7.ConfNb=1
SH.ADCx_IN8.0=ADC1_IN8,IN8
SH.ADCx_IN8.ConfNb=1
SH.ADCx_IN9.0=ADC1_IN9,IN9
SH.ADCx_IN9.ConfNb=1
SH.S_TIM1_CH1.0=TIM1_CH1,Output Compare1 CH1 CH1N
SH.S_TIM1_CH1.ConfNb=1
SH.S_TIM1_CH2.0=TIM1_CH2,Output Compare2 CH2 CH2N
SH.S_TIM1_CH2.ConfNb=1
SH.S_TIM1_CH3.0=TIM1_CH3,Output Compare3 CH3 CH3N
SH.S_TIM1_CH3.ConfNb=1
SH.S_TIM2_CH2.0=TIM2_CH2,PWM Generation2 CH2
SH.S_TIM2_CH2.ConfNb=1
SH.S_TIM2_CH3.0=TIM2_CH3,PWM Generation3 CH3
SH.S_TIM2_CH3.ConfNb=1
SH.S_TIM2_CH4.0=TIM2_CH4,PWM Generation4 CH4
SH.S_TIM2_CH4.ConfNb=1
TIM1.Channel-Output\ Compare1\ CH1\ CH1N=TIM_CHANNEL_1
TIM1.Channel-Output\ Compare2\ CH2\ CH2N=TIM_CHANNEL_2
TIM1.Channel-Output\ Compare3\ CH3\ CH3N=TIM_CHANNEL_3
TIM1.ClearChannel1=
TIM1.ClearInputState=ENABLE
TIM1.DefaultOCFastMode-Output\ Compare1\ CH1\ CH1N=TIM_OCFAST_DISABLE
TIM1.DefaultOCFastMode-Output\ Compare2\ CH2\ CH2N=TIM_OCFAST_DISABLE
TIM1.DefaultOCFastMode-Output\ Compare3\ CH3\ CH3N=TIM_OCFAST_DISABLE
TIM1.IPParameters=ClearInputState,ClearChannel1,Channel-Output Compare1 CH1 CH1N,DefaultOCFastMode-Output Compare1 CH1 CH1N,Channel-Output Compare2 CH2 CH2N,DefaultOCFastMode-Output Compare2 CH2 CH2N,Channel-Output Compare3 CH3 CH3N,DefaultOCFastMode-Output Compare3 CH3 CH3N
TIM2.Channel-PWM\ Generation2\ CH2=TIM_CHANNEL_2
TIM2.Channel-PWM\ Generation3\ CH3=TIM_CHANNEL_3
TIM2.Channel-PWM\ Generation4\ CH4=TIM_CHANNEL_4
TIM2.ClearChannel1=
TIM2.ClearInputState=ENABLE
TIM2.IPParameters=ClearInputState,ClearChannel1,Channel-PWM Generation2 CH2,Channel-PWM Generation3 CH3,Channel-PWM Generation4 CH4
USB_OTG_FS.IPParameters=dev_endpoints,VirtualMode,phy_itface
USB_OTG_FS.VirtualMode=Device_Only
USB_OTG_FS.dev_endpoints=6
USB_OTG_FS.phy_itface=PCD_PHY_EMBEDDED
VP_TIM1_VS_ClockSourceINT.Mode=Internal
VP_TIM1_VS_ClockSourceINT.Signal=TIM1_VS_ClockSourceINT
VP_TIM2_VS_ClockSourceINT.Mode=Internal
VP_TIM2_VS_ClockSourceINT.Signal=TIM2_VS_ClockSourceINT
